
Microsoft Visual Studio Solution File, Format Version 12.00
# Visual Studio 15
Project("{FAE04EC0-301F-11D3-BF4B-00C04F79EFBC}") = "PortfolioGenerator", "PortfolioGenerator\PortfolioGenerator.csproj", "{8734E161-D7FB-480A-9725-4F1E39B07268}"
EndProject
Global
	GlobalSection(SolutionConfigurationPlatforms) = preSolution
		Debug|Any CPU = Debug|Any CPU
		Release|Any CPU = Release|Any CPU
	EndGlobalSection
	GlobalSection(ProjectConfigurationPlatforms) = postSolution
		{8734E161-D7FB-480A-9725-4F1E39B07268}.Debug|Any CPU.ActiveCfg = Debug|Any CPU
		{8734E161-D7FB-480A-9725-4F1E39B07268}.Debug|Any CPU.Build.0 = Debug|Any CPU
		{8734E161-D7FB-480A-9725-4F1E39B07268}.Release|Any CPU.ActiveCfg = Release|Any CPU
		{8734E161-D7FB-480A-9725-4F1E39B07268}.Release|Any CPU.Build.0 = Release|Any CPU
	EndGlobalSection
EndGlobal
